
Microsoft Visual Studio Solution File, Format Version 12.00
# Visual Studio Version 17
VisualStudioVersion = 17.6.33829.357
MinimumVisualStudioVersion = 10.0.40219.1
Project("{FAE04EC0-301F-11D3-BF4B-00C04F79EFBC}") = "OrdersMicroservice", "OrdersMicroservice\OrdersMicroservice.csproj", "{67975256-5AB9-4ACC-9A42-DAA215DF40E0}"
EndProject
Global
	GlobalSection(SolutionConfigurationPlatforms) = preSolution
		Debug|Any CPU = Debug|Any CPU
		Release|Any CPU = Release|Any CPU
	EndGlobalSection
	GlobalSection(ProjectConfigurationPlatforms) = postSolution
		{67975256-5AB9-4ACC-9A42-DAA215DF40E0}.Debug|Any CPU.ActiveCfg = Debug|Any CPU
		{67975256-5AB9-4ACC-9A42-DAA215DF40E0}.Debug|Any CPU.Build.0 = Debug|Any CPU
		{67975256-5AB9-4ACC-9A42-DAA215DF40E0}.Release|Any CPU.ActiveCfg = Release|Any CPU
		{67975256-5AB9-4ACC-9A42-DAA215DF40E0}.Release|Any CPU.Build.0 = Release|Any CPU
	EndGlobalSection
	GlobalSection(SolutionProperties) = preSolution
		HideSolutionNode = FALSE
	EndGlobalSection
	GlobalSection(ExtensibilityGlobals) = postSolution
		SolutionGuid = {0394DF8C-B72E-4235-984A-91441D1DCBB3}
	EndGlobalSection
EndGlobal
